// !$*UTF8*$!
{
	archiveVersion = 1;
	classes = {
	};
	objectVersion = 50;
	objects = {

/* Begin PBXBuildFile section */
		4E9E00DE274BB3E9003F6785 /* AppDelegate.swift in Sources */ = {isa = PBXBuildFile; fileRef = 4E9E00DD274BB3E9003F6785 /* AppDelegate.swift */; };
		4E9E00E0274BB3E9003F6785 /* SceneDelegate.swift in Sources */ = {isa = PBXBuildFile; fileRef = 4E9E00DF274BB3E9003F6785 /* SceneDelegate.swift */; };
		4E9E00E2274BB3E9003F6785 /* ViewController.swift in Sources */ = {isa = PBXBuildFile; fileRef = 4E9E00E1274BB3E9003F6785 /* ViewController.swift */; };
		4E9E00E5274BB3E9003F6785 /* Main.storyboard in Resources */ = {isa = PBXBuildFile; fileRef = 4E9E00E3274BB3E9003F6785 /* Main.storyboard */; };
		4E9E00E7274BB3EB003F6785 /* Assets.xcassets in Resources */ = {isa = PBXBuildFile; fileRef = 4E9E00E6274BB3EB003F6785 /* Assets.xcassets */; };
		4E9E00EA274BB3EB003F6785 /* LaunchScreen.storyboard in Resources */ = {isa = PBXBuildFile; fileRef = 4E9E00E8274BB3EB003F6785 /* LaunchScreen.storyboard */; };
		4E9E00F5274BB3EB003F6785 /* CoordinatorTests.swift in Sources */ = {isa = PBXBuildFile; fileRef = 4E9E00F4274BB3EB003F6785 /* CoordinatorTests.swift */; };
		4E9E0100274BB3EB003F6785 /* CoordinatorUITests.swift in Sources */ = {isa = PBXBuildFile; fileRef = 4E9E00FF274BB3EB003F6785 /* CoordinatorUITests.swift */; };
		4E9E0116274BB49D003F6785 /* Coordinator.swift in Sources */ = {isa = PBXBuildFile; fileRef = 4E9E0115274BB49D003F6785 /* Coordinator.swift */; };
		4E9E0118274BB4F9003F6785 /* Storyboarded.swift in Sources */ = {isa = PBXBuildFile; fileRef = 4E9E0117274BB4F9003F6785 /* Storyboarded.swift */; };
		4E9E011A274BB59B003F6785 /* MainCoordinator.swift in Sources */ = {isa = PBXBuildFile; fileRef = 4E9E0119274BB59B003F6785 /* MainCoordinator.swift */; };
		4EB0C409274E079400FA0836 /* SecondScreenViewController.swift in Sources */ = {isa = PBXBuildFile; fileRef = 4EB0C408274E079400FA0836 /* SecondScreenViewController.swift */; };
		4EB0C40B274E07ED00FA0836 /* SecondCoordinator.swift in Sources */ = {isa = PBXBuildFile; fileRef = 4EB0C40A274E07ED00FA0836 /* SecondCoordinator.swift */; };
/* End PBXBuildFile section */

/* Begin PBXContainerItemProxy section */
		4E9E00F1274BB3EB003F6785 /* PBXContainerItemProxy */ = {
			isa = PBXContainerItemProxy;
			containerPortal = 4E9E00D2274BB3E9003F6785 /* Project object */;
			proxyType = 1;
			remoteGlobalIDString = 4E9E00D9274BB3E9003F6785;
			remoteInfo = Coordinator;
		};
		4E9E00FC274BB3EB003F6785 /* PBXContainerItemProxy */ = {
			isa = PBXContainerItemProxy;
			containerPortal = 4E9E00D2274BB3E9003F6785 /* Project object */;
			proxyType = 1;
			remoteGlobalIDString = 4E9E00D9274BB3E9003F6785;
			remoteInfo = Coordinator;
		};
/* End PBXContainerItemProxy section */

/* Begin PBXFileReference section */
		4E9E00DA274BB3E9003F6785 /* Coordinator.app */ = {isa = PBXFileReference; explicitFileType = wrapper.application; includeInIndex = 0; path = Coordinator.app; sourceTree = BUILT_PRODUCTS_DIR; };
		4E9E00DD274BB3E9003F6785 /* AppDelegate.swift */ = {isa = PBXFileReference; lastKnownFileType = sourcecode.swift; path = AppDelegate.swift; sourceTree = "<group>"; };
		4E9E00DF274BB3E9003F6785 /* SceneDelegate.swift */ = {isa = PBXFileReference; lastKnownFileType = sourcecode.swift; path = SceneDelegate.swift; sourceTree = "<group>"; };
		4E9E00E1274BB3E9003F6785 /* ViewController.swift */ = {isa = PBXFileReference; lastKnownFileType = sourcecode.swift; path = ViewController.swift; sourceTree = "<group>"; };
		4E9E00E4274BB3E9003F6785 /* Base */ = {isa = PBXFileReference; lastKnownFileType = file.storyboard; name = Base; path = Base.lproj/Main.storyboard; sourceTree = "<group>"; };
		4E9E00E6274BB3EB003F6785 /* Assets.xcassets */ = {isa = PBXFileReference; lastKnownFileType = folder.assetcatalog; path = Assets.xcassets; sourceTree = "<group>"; };
		4E9E00E9274BB3EB003F6785 /* Base */ = {isa = PBXFileReference; lastKnownFileType = file.storyboard; name = Base; path = Base.lproj/LaunchScreen.storyboard; sourceTree = "<group>"; };
		4E9E00EB274BB3EB003F6785 /* Info.plist */ = {isa = PBXFileReference; lastKnownFileType = text.plist.xml; path = Info.plist; sourceTree = "<group>"; };
		4E9E00F0274BB3EB003F6785 /* CoordinatorTests.xctest */ = {isa = PBXFileReference; explicitFileType = wrapper.cfbundle; includeInIndex = 0; path = CoordinatorTests.xctest; sourceTree = BUILT_PRODUCTS_DIR; };
		4E9E00F4274BB3EB003F6785 /* CoordinatorTests.swift */ = {isa = PBXFileReference; lastKnownFileType = sourcecode.swift; path = CoordinatorTests.swift; sourceTree = "<group>"; };
		4E9E00F6274BB3EB003F6785 /* Info.plist */ = {isa = PBXFileReference; lastKnownFileType = text.plist.xml; path = Info.plist; sourceTree = "<group>"; };
		4E9E00FB274BB3EB003F6785 /* CoordinatorUITests.xctest */ = {isa = PBXFileReference; explicitFileType = wrapper.cfbundle; includeInIndex = 0; path = CoordinatorUITests.xctest; sourceTree = BUILT_PRODUCTS_DIR; };
		4E9E00FF274BB3EB003F6785 /* CoordinatorUITests.swift */ = {isa = PBXFileReference; lastKnownFileType = sourcecode.swift; path = CoordinatorUITests.swift; sourceTree = "<group>"; };
		4E9E0101274BB3EB003F6785 /* Info.plist */ = {isa = PBXFileReference; lastKnownFileType = text.plist.xml; path = Info.plist; sourceTree = "<group>"; };
		4E9E0115274BB49D003F6785 /* Coordinator.swift */ = {isa = PBXFileReference; lastKnownFileType = sourcecode.swift; path = Coordinator.swift; sourceTree = "<group>"; };
		4E9E0117274BB4F9003F6785 /* Storyboarded.swift */ = {isa = PBXFileReference; lastKnownFileType = sourcecode.swift; path = Storyboarded.swift; sourceTree = "<group>"; };
		4E9E0119274BB59B003F6785 /* MainCoordinator.swift */ = {isa = PBXFileReference; lastKnownFileType = sourcecode.swift; path = MainCoordinator.swift; sourceTree = "<group>"; };
		4EB0C408274E079400FA0836 /* SecondScreenViewController.swift */ = {isa = PBXFileReference; lastKnownFileType = sourcecode.swift; path = SecondScreenViewController.swift; sourceTree = "<group>"; };
		4EB0C40A274E07ED00FA0836 /* SecondCoordinator.swift */ = {isa = PBXFileReference; lastKnownFileType = sourcecode.swift; path = SecondCoordinator.swift; sourceTree = "<group>"; };
/* End PBXFileReference section */

/* Begin PBXFrameworksBuildPhase section */
		4E9E00D7274BB3E9003F6785 /* Frameworks */ = {
			isa = PBXFrameworksBuildPhase;
			buildActionMask = 2147483647;
			files = (
			);
			runOnlyForDeploymentPostprocessing = 0;
		};
		4E9E00ED274BB3EB003F6785 /* Frameworks */ = {
			isa = PBXFrameworksBuildPhase;
			buildActionMask = 2147483647;
			files = (
			);
			runOnlyForDeploymentPostprocessing = 0;
		};
		4E9E00F8274BB3EB003F6785 /* Frameworks */ = {
			isa = PBXFrameworksBuildPhase;
			buildActionMask = 2147483647;
			files = (
			);
			runOnlyForDeploymentPostprocessing = 0;
		};
/* End PBXFrameworksBuildPhase section */

/* Begin PBXGroup section */
		4E9E00D1274BB3E9003F6785 = {
			isa = PBXGroup;
			children = (
				4E9E00DC274BB3E9003F6785 /* Coordinator */,
				4E9E00F3274BB3EB003F6785 /* CoordinatorTests */,
				4E9E00FE274BB3EB003F6785 /* CoordinatorUITests */,
				4E9E00DB274BB3E9003F6785 /* Products */,
			);
			sourceTree = "<group>";
		};
		4E9E00DB274BB3E9003F6785 /* Products */ = {
			isa = PBXGroup;
			children = (
				4E9E00DA274BB3E9003F6785 /* Coordinator.app */,
				4E9E00F0274BB3EB003F6785 /* CoordinatorTests.xctest */,
				4E9E00FB274BB3EB003F6785 /* CoordinatorUITests.xctest */,
			);
			name = Products;
			sourceTree = "<group>";
		};
		4E9E00DC274BB3E9003F6785 /* Coordinator */ = {
			isa = PBXGroup;
			children = (
				4E9E0114274BB47A003F6785 /* Services */,
				4E9E010F274BB42A003F6785 /* Main */,
				4EB0C404274E072300FA0836 /* SecondScreen */,
				4E9E010E274BB41B003F6785 /* App */,
				4E9E010D274BB3F3003F6785 /* Coordinators */,
				4E9E00E6274BB3EB003F6785 /* Assets.xcassets */,
				4E9E00E8274BB3EB003F6785 /* LaunchScreen.storyboard */,
				4E9E00EB274BB3EB003F6785 /* Info.plist */,
			);
			path = Coordinator;
			sourceTree = "<group>";
		};
		4E9E00F3274BB3EB003F6785 /* CoordinatorTests */ = {
			isa = PBXGroup;
			children = (
				4E9E00F4274BB3EB003F6785 /* CoordinatorTests.swift */,
				4E9E00F6274BB3EB003F6785 /* Info.plist */,
			);
			path = CoordinatorTests;
			sourceTree = "<group>";
		};
		4E9E00FE274BB3EB003F6785 /* CoordinatorUITests */ = {
			isa = PBXGroup;
			children = (
				4E9E00FF274BB3EB003F6785 /* CoordinatorUITests.swift */,
				4E9E0101274BB3EB003F6785 /* Info.plist */,
			);
			path = CoordinatorUITests;
			sourceTree = "<group>";
		};
		4E9E010D274BB3F3003F6785 /* Coordinators */ = {
			isa = PBXGroup;
			children = (
				4E9E0115274BB49D003F6785 /* Coordinator.swift */,
				4E9E0117274BB4F9003F6785 /* Storyboarded.swift */,
			);
			path = Coordinators;
			sourceTree = "<group>";
		};
		4E9E010E274BB41B003F6785 /* App */ = {
			isa = PBXGroup;
			children = (
				4E9E00DD274BB3E9003F6785 /* AppDelegate.swift */,
				4E9E00DF274BB3E9003F6785 /* SceneDelegate.swift */,
			);
			path = App;
			sourceTree = "<group>";
		};
		4E9E010F274BB42A003F6785 /* Main */ = {
			isa = PBXGroup;
			children = (
				4E9E0113274BB46C003F6785 /* Coordinator */,
				4E9E0112274BB464003F6785 /* ViewModel */,
				4E9E0111274BB45B003F6785 /* StoryBoards */,
				4E9E0110274BB452003F6785 /* ViewControllers */,
			);
			path = Main;
			sourceTree = "<group>";
		};
		4E9E0110274BB452003F6785 /* ViewControllers */ = {
			isa = PBXGroup;
			children = (
				4E9E00E1274BB3E9003F6785 /* ViewController.swift */,
			);
			path = ViewControllers;
			sourceTree = "<group>";
		};
		4E9E0111274BB45B003F6785 /* StoryBoards */ = {
			isa = PBXGroup;
			children = (
				4E9E00E3274BB3E9003F6785 /* Main.storyboard */,
			);
			path = StoryBoards;
			sourceTree = "<group>";
		};
		4E9E0112274BB464003F6785 /* ViewModel */ = {
			isa = PBXGroup;
			children = (
			);
			path = ViewModel;
			sourceTree = "<group>";
		};
		4E9E0113274BB46C003F6785 /* Coordinator */ = {
			isa = PBXGroup;
			children = (
				4E9E0119274BB59B003F6785 /* MainCoordinator.swift */,
			);
			path = Coordinator;
			sourceTree = "<group>";
		};
		4E9E0114274BB47A003F6785 /* Services */ = {
			isa = PBXGroup;
			children = (
			);
			path = Services;
			sourceTree = "<group>";
		};
		4EB0C404274E072300FA0836 /* SecondScreen */ = {
			isa = PBXGroup;
			children = (
				4EB0C407274E077B00FA0836 /* ViewController */,
				4EB0C406274E077200FA0836 /* ViewModel */,
				4EB0C405274E074200FA0836 /* Coordinator */,
			);
			path = SecondScreen;
			sourceTree = "<group>";
		};
		4EB0C405274E074200FA0836 /* Coordinator */ = {
			isa = PBXGroup;
			children = (
				4EB0C40A274E07ED00FA0836 /* SecondCoordinator.swift */,
			);
			path = Coordinator;
			sourceTree = "<group>";
		};
		4EB0C406274E077200FA0836 /* ViewModel */ = {
			isa = PBXGroup;
			children = (
			);
			path = ViewModel;
			sourceTree = "<group>";
		};
		4EB0C407274E077B00FA0836 /* ViewController */ = {
			isa = PBXGroup;
			children = (
				4EB0C408274E079400FA0836 /* SecondScreenViewController.swift */,
			);
			path = ViewController;
			sourceTree = "<group>";
		};
/* End PBXGroup section */

/* Begin PBXNativeTarget section */
		4E9E00D9274BB3E9003F6785 /* Coordinator */ = {
			isa = PBXNativeTarget;
			buildConfigurationList = 4E9E0104274BB3EB003F6785 /* Build configuration list for PBXNativeTarget "Coordinator" */;
			buildPhases = (
				4E9E00D6274BB3E9003F6785 /* Sources */,
				4E9E00D7274BB3E9003F6785 /* Frameworks */,
				4E9E00D8274BB3E9003F6785 /* Resources */,
			);
			buildRules = (
			);
			dependencies = (
			);
			name = Coordinator;
			productName = Coordinator;
			productReference = 4E9E00DA274BB3E9003F6785 /* Coordinator.app */;
			productType = "com.apple.product-type.application";
		};
		4E9E00EF274BB3EB003F6785 /* CoordinatorTests */ = {
			isa = PBXNativeTarget;
			buildConfigurationList = 4E9E0107274BB3EB003F6785 /* Build configuration list for PBXNativeTarget "CoordinatorTests" */;
			buildPhases = (
				4E9E00EC274BB3EB003F6785 /* Sources */,
				4E9E00ED274BB3EB003F6785 /* Frameworks */,
				4E9E00EE274BB3EB003F6785 /* Resources */,
			);
			buildRules = (
			);
			dependencies = (
				4E9E00F2274BB3EB003F6785 /* PBXTargetDependency */,
			);
			name = CoordinatorTests;
			productName = CoordinatorTests;
			productReference = 4E9E00F0274BB3EB003F6785 /* CoordinatorTests.xctest */;
			productType = "com.apple.product-type.bundle.unit-test";
		};
		4E9E00FA274BB3EB003F6785 /* CoordinatorUITests */ = {
			isa = PBXNativeTarget;
			buildConfigurationList = 4E9E010A274BB3EB003F6785 /* Build configuration list for PBXNativeTarget "CoordinatorUITests" */;
			buildPhases = (
				4E9E00F7274BB3EB003F6785 /* Sources */,
				4E9E00F8274BB3EB003F6785 /* Frameworks */,
				4E9E00F9274BB3EB003F6785 /* Resources */,
			);
			buildRules = (
			);
			dependencies = (
				4E9E00FD274BB3EB003F6785 /* PBXTargetDependency */,
			);
			name = CoordinatorUITests;
			productName = CoordinatorUITests;
			productReference = 4E9E00FB274BB3EB003F6785 /* CoordinatorUITests.xctest */;
			productType = "com.apple.product-type.bundle.ui-testing";
		};
/* End PBXNativeTarget section */

/* Begin PBXProject section */
		4E9E00D2274BB3E9003F6785 /* Project object */ = {
			isa = PBXProject;
			attributes = {
				LastSwiftUpdateCheck = 1250;
				LastUpgradeCheck = 1250;
				TargetAttributes = {
					4E9E00D9274BB3E9003F6785 = {
						CreatedOnToolsVersion = 12.5.1;
					};
					4E9E00EF274BB3EB003F6785 = {
						CreatedOnToolsVersion = 12.5.1;
						TestTargetID = 4E9E00D9274BB3E9003F6785;
					};
					4E9E00FA274BB3EB003F6785 = {
						CreatedOnToolsVersion = 12.5.1;
						TestTargetID = 4E9E00D9274BB3E9003F6785;
					};
				};
			};
			buildConfigurationList = 4E9E00D5274BB3E9003F6785 /* Build configuration list for PBXProject "Coordinator" */;
			compatibilityVersion = "Xcode 9.3";
			developmentRegion = en;
			hasScannedForEncodings = 0;
			knownRegions = (
				en,
				Base,
			);
			mainGroup = 4E9E00D1274BB3E9003F6785;
			productRefGroup = 4E9E00DB274BB3E9003F6785 /* Products */;
			projectDirPath = "";
			projectRoot = "";
			targets = (
				4E9E00D9274BB3E9003F6785 /* Coordinator */,
				4E9E00EF274BB3EB003F6785 /* CoordinatorTests */,
				4E9E00FA274BB3EB003F6785 /* CoordinatorUITests */,
			);
		};
/* End PBXProject section */

/* Begin PBXResourcesBuildPhase section */
		4E9E00D8274BB3E9003F6785 /* Resources */ = {
			isa = PBXResourcesBuildPhase;
			buildActionMask = 2147483647;
			files = (
				4E9E00EA274BB3EB003F6785 /* LaunchScreen.storyboard in Resources */,
				4E9E00E7274BB3EB003F6785 /* Assets.xcassets in Resources */,
				4E9E00E5274BB3E9003F6785 /* Main.storyboard in Resources */,
			);
			runOnlyForDeploymentPostprocessing = 0;
		};
		4E9E00EE274BB3EB003F6785 /* Resources */ = {
			isa = PBXResourcesBuildPhase;
			buildActionMask = 2147483647;
			files = (
			);
			runOnlyForDeploymentPostprocessing = 0;
		};
		4E9E00F9274BB3EB003F6785 /* Resources */ = {
			isa = PBXResourcesBuildPhase;
			buildActionMask = 2147483647;
			files = (
			);
			runOnlyForDeploymentPostprocessing = 0;
		};
/* End PBXResourcesBuildPhase section */

/* Begin PBXSourcesBuildPhase section */
		4E9E00D6274BB3E9003F6785 /* Sources */ = {
			isa = PBXSourcesBuildPhase;
			buildActionMask = 2147483647;
			files = (
				4E9E0116274BB49D003F6785 /* Coordinator.swift in Sources */,
				4E9E011A274BB59B003F6785 /* MainCoordinator.swift in Sources */,
				4EB0C40B274E07ED00FA0836 /* SecondCoordinator.swift in Sources */,
				4E9E00E2274BB3E9003F6785 /* ViewController.swift in Sources */,
				4E9E0118274BB4F9003F6785 /* Storyboarded.swift in Sources */,
				4EB0C409274E079400FA0836 /* SecondScreenViewController.swift in Sources */,
				4E9E00DE274BB3E9003F6785 /* AppDelegate.swift in Sources */,
				4E9E00E0274BB3E9003F6785 /* SceneDelegate.swift in Sources */,
			);
			runOnlyForDeploymentPostprocessing = 0;
		};
		4E9E00EC274BB3EB003F6785 /* Sources */ = {
			isa = PBXSourcesBuildPhase;
			buildActionMask = 2147483647;
			files = (
				4E9E00F5274BB3EB003F6785 /* CoordinatorTests.swift in Sources */,
			);
			runOnlyForDeploymentPostprocessing = 0;
		};
		4E9E00F7274BB3EB003F6785 /* Sources */ = {
			isa = PBXSourcesBuildPhase;
			buildActionMask = 2147483647;
			files = (
				4E9E0100274BB3EB003F6785 /* CoordinatorUITests.swift in Sources */,
			);
			runOnlyForDeploymentPostprocessing = 0;
		};
/* End PBXSourcesBuildPhase section */

/* Begin PBXTargetDependency section */
		4E9E00F2274BB3EB003F6785 /* PBXTargetDependency */ = {
			isa = PBXTargetDependency;
			target = 4E9E00D9274BB3E9003F6785 /* Coordinator */;
			targetProxy = 4E9E00F1274BB3EB003F6785 /* PBXContainerItemProxy */;
		};
		4E9E00FD274BB3EB003F6785 /* PBXTargetDependency */ = {
			isa = PBXTargetDependency;
			target = 4E9E00D9274BB3E9003F6785 /* Coordinator */;
			targetProxy = 4E9E00FC274BB3EB003F6785 /* PBXContainerItemProxy */;
		};
/* End PBXTargetDependency section */

/* Begin PBXVariantGroup section */
		4E9E00E3274BB3E9003F6785 /* Main.storyboard */ = {
			isa = PBXVariantGroup;
			children = (
				4E9E00E4274BB3E9003F6785 /* Base */,
			);
			name = Main.storyboard;
			sourceTree = "<group>";
		};
		4E9E00E8274BB3EB003F6785 /* LaunchScreen.storyboard */ = {
			isa = PBXVariantGroup;
			children = (
				4E9E00E9274BB3EB003F6785 /* Base */,
			);
			name = LaunchScreen.storyboard;
			sourceTree = "<group>";
		};
/* End PBXVariantGroup section */

/* Begin XCBuildConfiguration section */
		4E9E0102274BB3EB003F6785 /* Debug */ = {
			isa = XCBuildConfiguration;
			buildSettings = {
				ALWAYS_SEARCH_USER_PATHS = NO;
				CLANG_ANALYZER_NONNULL = YES;
				CLANG_ANALYZER_NUMBER_OBJECT_CONVERSION = YES_AGGRESSIVE;
				CLANG_CXX_LANGUAGE_STANDARD = "gnu++14";
				CLANG_CXX_LIBRARY = "libc++";
				CLANG_ENABLE_MODULES = YES;
				CLANG_ENABLE_OBJC_ARC = YES;
				CLANG_ENABLE_OBJC_WEAK = YES;
				CLANG_WARN_BLOCK_CAPTURE_AUTORELEASING = YES;
				CLANG_WARN_BOOL_CONVERSION = YES;
				CLANG_WARN_COMMA = YES;
				CLANG_WARN_CONSTANT_CONVERSION = YES;
				CLANG_WARN_DEPRECATED_OBJC_IMPLEMENTATIONS = YES;
				CLANG_WARN_DIRECT_OBJC_ISA_USAGE = YES_ERROR;
				CLANG_WARN_DOCUMENTATION_COMMENTS = YES;
				CLANG_WARN_EMPTY_BODY = YES;
				CLANG_WARN_ENUM_CONVERSION = YES;
				CLANG_WARN_INFINITE_RECURSION = YES;
				CLANG_WARN_INT_CONVERSION = YES;
				CLANG_WARN_NON_LITERAL_NULL_CONVERSION = YES;
				CLANG_WARN_OBJC_IMPLICIT_RETAIN_SELF = YES;
				CLANG_WARN_OBJC_LITERAL_CONVERSION = YES;
				CLANG_WARN_OBJC_ROOT_CLASS = YES_ERROR;
				CLANG_WARN_QUOTED_INCLUDE_IN_FRAMEWORK_HEADER = YES;
				CLANG_WARN_RANGE_LOOP_ANALYSIS = YES;
				CLANG_WARN_STRICT_PROTOTYPES = YES;
				CLANG_WARN_SUSPICIOUS_MOVE = YES;
				CLANG_WARN_UNGUARDED_AVAILABILITY = YES_AGGRESSIVE;
				CLANG_WARN_UNREACHABLE_CODE = YES;
				CLANG_WARN__DUPLICATE_METHOD_MATCH = YES;
				COPY_PHASE_STRIP = NO;
				DEBUG_INFORMATION_FORMAT = dwarf;
				ENABLE_STRICT_OBJC_MSGSEND = YES;
				ENABLE_TESTABILITY = YES;
				GCC_C_LANGUAGE_STANDARD = gnu11;
				GCC_DYNAMIC_NO_PIC = NO;
				GCC_NO_COMMON_BLOCKS = YES;
				GCC_OPTIMIZATION_LEVEL = 0;
				GCC_PREPROCESSOR_DEFINITIONS = (
					"DEBUG=1",
					"$(inherited)",
				);
				GCC_WARN_64_TO_32_BIT_CONVERSION = YES;
				GCC_WARN_ABOUT_RETURN_TYPE = YES_ERROR;
				GCC_WARN_UNDECLARED_SELECTOR = YES;
				GCC_WARN_UNINITIALIZED_AUTOS = YES_AGGRESSIVE;
				GCC_WARN_UNUSED_FUNCTION = YES;
				GCC_WARN_UNUSED_VARIABLE = YES;
				IPHONEOS_DEPLOYMENT_TARGET = 14.5;
				MTL_ENABLE_DEBUG_INFO = INCLUDE_SOURCE;
				MTL_FAST_MATH = YES;
				ONLY_ACTIVE_ARCH = YES;
				SDKROOT = iphoneos;
				SWIFT_ACTIVE_COMPILATION_CONDITIONS = DEBUG;
				SWIFT_OPTIMIZATION_LEVEL = "-Onone";
			};
			name = Debug;
		};
		4E9E0103274BB3EB003F6785 /* Release */ = {
			isa = XCBuildConfiguration;
			buildSettings = {
				ALWAYS_SEARCH_USER_PATHS = NO;
				CLANG_ANALYZER_NONNULL = YES;
				CLANG_ANALYZER_NUMBER_OBJECT_CONVERSION = YES_AGGRESSIVE;
				CLANG_CXX_LANGUAGE_STANDARD = "gnu++14";
				CLANG_CXX_LIBRARY = "libc++";
				CLANG_ENABLE_MODULES = YES;
				CLANG_ENABLE_OBJC_ARC = YES;
				CLANG_ENABLE_OBJC_WEAK = YES;
				CLANG_WARN_BLOCK_CAPTURE_AUTORELEASING = YES;
				CLANG_WARN_BOOL_CONVERSION = YES;
				CLANG_WARN_COMMA = YES;
				CLANG_WARN_CONSTANT_CONVERSION = YES;
				CLANG_WARN_DEPRECATED_OBJC_IMPLEMENTATIONS = YES;
				CLANG_WARN_DIRECT_OBJC_ISA_USAGE = YES_ERROR;
				CLANG_WARN_DOCUMENTATION_COMMENTS = YES;
				CLANG_WARN_EMPTY_BODY = YES;
				CLANG_WARN_ENUM_CONVERSION = YES;
				CLANG_WARN_INFINITE_RECURSION = YES;
				CLANG_WARN_INT_CONVERSION = YES;
				CLANG_WARN_NON_LITERAL_NULL_CONVERSION = YES;
				CLANG_WARN_OBJC_IMPLICIT_RETAIN_SELF = YES;
				CLANG_WARN_OBJC_LITERAL_CONVERSION = YES;
				CLANG_WARN_OBJC_ROOT_CLASS = YES_ERROR;
				CLANG_WARN_QUOTED_INCLUDE_IN_FRAMEWORK_HEADER = YES;
				CLANG_WARN_RANGE_LOOP_ANALYSIS = YES;
				CLANG_WARN_STRICT_PROTOTYPES = YES;
				CLANG_WARN_SUSPICIOUS_MOVE = YES;
				CLANG_WARN_UNGUARDED_AVAILABILITY = YES_AGGRESSIVE;
				CLANG_WARN_UNREACHABLE_CODE = YES;
				CLANG_WARN__DUPLICATE_METHOD_MATCH = YES;
				COPY_PHASE_STRIP = NO;
				DEBUG_INFORMATION_FORMAT = "dwarf-with-dsym";
				ENABLE_NS_ASSERTIONS = NO;
				ENABLE_STRICT_OBJC_MSGSEND = YES;
				GCC_C_LANGUAGE_STANDARD = gnu11;
				GCC_NO_COMMON_BLOCKS = YES;
				GCC_WARN_64_TO_32_BIT_CONVERSION = YES;
				GCC_WARN_ABOUT_RETURN_TYPE = YES_ERROR;
				GCC_WARN_UNDECLARED_SELECTOR = YES;
				GCC_WARN_UNINITIALIZED_AUTOS = YES_AGGRESSIVE;
				GCC_WARN_UNUSED_FUNCTION = YES;
				GCC_WARN_UNUSED_VARIABLE = YES;
				IPHONEOS_DEPLOYMENT_TARGET = 14.5;
				MTL_ENABLE_DEBUG_INFO = NO;
				MTL_FAST_MATH = YES;
				SDKROOT = iphoneos;
				SWIFT_COMPILATION_MODE = wholemodule;
				SWIFT_OPTIMIZATION_LEVEL = "-O";
				VALIDATE_PRODUCT = YES;
			};
			name = Release;
		};
		4E9E0105274BB3EB003F6785 /* Debug */ = {
			isa = XCBuildConfiguration;
			buildSettings = {
				ASSETCATALOG_COMPILER_APPICON_NAME = AppIcon;
				ASSETCATALOG_COMPILER_GLOBAL_ACCENT_COLOR_NAME = AccentColor;
				CODE_SIGN_STYLE = Automatic;
				INFOPLIST_FILE = Coordinator/Info.plist;
				LD_RUNPATH_SEARCH_PATHS = (
					"$(inherited)",
					"@executable_path/Frameworks",
				);
				PRODUCT_BUNDLE_IDENTIFIER = interview.Coordinator;
				PRODUCT_NAME = "$(TARGET_NAME)";
				SWIFT_VERSION = 5.0;
				TARGETED_DEVICE_FAMILY = "1,2";
			};
			name = Debug;
		};
		4E9E0106274BB3EB003F6785 /* Release */ = {
			isa = XCBuildConfiguration;
			buildSettings = {
				ASSETCATALOG_COMPILER_APPICON_NAME = AppIcon;
				ASSETCATALOG_COMPILER_GLOBAL_ACCENT_COLOR_NAME = AccentColor;
				CODE_SIGN_STYLE = Automatic;
				INFOPLIST_FILE = Coordinator/Info.plist;
				LD_RUNPATH_SEARCH_PATHS = (
					"$(inherited)",
					"@executable_path/Frameworks",
				);
				PRODUCT_BUNDLE_IDENTIFIER = interview.Coordinator;
				PRODUCT_NAME = "$(TARGET_NAME)";
				SWIFT_VERSION = 5.0;
				TARGETED_DEVICE_FAMILY = "1,2";
			};
			name = Release;
		};
		4E9E0108274BB3EB003F6785 /* Debug */ = {
			isa = XCBuildConfiguration;
			buildSettings = {
				ALWAYS_EMBED_SWIFT_STANDARD_LIBRARIES = YES;
				BUNDLE_LOADER = "$(TEST_HOST)";
				CODE_SIGN_STYLE = Automatic;
				INFOPLIST_FILE = CoordinatorTests/Info.plist;
				IPHONEOS_DEPLOYMENT_TARGET = 14.5;
				LD_RUNPATH_SEARCH_PATHS = (
					"$(inherited)",
					"@executable_path/Frameworks",
					"@loader_path/Frameworks",
				);
				PRODUCT_BUNDLE_IDENTIFIER = interview.CoordinatorTests;
				PRODUCT_NAME = "$(TARGET_NAME)";
				SWIFT_VERSION = 5.0;
				TARGETED_DEVICE_FAMILY = "1,2";
				TEST_HOST = "$(BUILT_PRODUCTS_DIR)/Coordinator.app/Coordinator";
			};
			name = Debug;
		};
		4E9E0109274BB3EB003F6785 /* Release */ = {
			isa = XCBuildConfiguration;
			buildSettings = {
				ALWAYS_EMBED_SWIFT_STANDARD_LIBRARIES = YES;
				BUNDLE_LOADER = "$(TEST_HOST)";
				CODE_SIGN_STYLE = Automatic;
				INFOPLIST_FILE = CoordinatorTests/Info.plist;
				IPHONEOS_DEPLOYMENT_TARGET = 14.5;
				LD_RUNPATH_SEARCH_PATHS = (
					"$(inherited)",
					"@executable_path/Frameworks",
					"@loader_path/Frameworks",
				);
				PRODUCT_BUNDLE_IDENTIFIER = interview.CoordinatorTests;
				PRODUCT_NAME = "$(TARGET_NAME)";
				SWIFT_VERSION = 5.0;
				TARGETED_DEVICE_FAMILY = "1,2";
				TEST_HOST = "$(BUILT_PRODUCTS_DIR)/Coordinator.app/Coordinator";
			};
			name = Release;
		};
		4E9E010B274BB3EB003F6785 /* Debug */ = {
			isa = XCBuildConfiguration;
			buildSettings = {
				ALWAYS_EMBED_SWIFT_STANDARD_LIBRARIES = YES;
				CODE_SIGN_STYLE = Automatic;
				INFOPLIST_FILE = CoordinatorUITests/Info.plist;
				LD_RUNPATH_SEARCH_PATHS = (
					"$(inherited)",
					"@executable_path/Frameworks",
					"@loader_path/Frameworks",
				);
				PRODUCT_BUNDLE_IDENTIFIER = interview.CoordinatorUITests;
				PRODUCT_NAME = "$(TARGET_NAME)";
				SWIFT_VERSION = 5.0;
				TARGETED_DEVICE_FAMILY = "1,2";
				TEST_TARGET_NAME = Coordinator;
			};
			name = Debug;
		};
		4E9E010C274BB3EB003F6785 /* Release */ = {
			isa = XCBuildConfiguration;
			buildSettings = {
				ALWAYS_EMBED_SWIFT_STANDARD_LIBRARIES = YES;
				CODE_SIGN_STYLE = Automatic;
				INFOPLIST_FILE = CoordinatorUITests/Info.plist;
				LD_RUNPATH_SEARCH_PATHS = (
					"$(inherited)",
					"@executable_path/Frameworks",
					"@loader_path/Frameworks",
				);
				PRODUCT_BUNDLE_IDENTIFIER = interview.CoordinatorUITests;
				PRODUCT_NAME = "$(TARGET_NAME)";
				SWIFT_VERSION = 5.0;
				TARGETED_DEVICE_FAMILY = "1,2";
				TEST_TARGET_NAME = Coordinator;
			};
			name = Release;
		};
/* End XCBuildConfiguration section */

/* Begin XCConfigurationList section */
		4E9E00D5274BB3E9003F6785 /* Build configuration list for PBXProject "Coordinator" */ = {
			isa = XCConfigurationList;
			buildConfigurations = (
				4E9E0102274BB3EB003F6785 /* Debug */,
				4E9E0103274BB3EB003F6785 /* Release */,
			);
			defaultConfigurationIsVisible = 0;
			defaultConfigurationName = Release;
		};
		4E9E0104274BB3EB003F6785 /* Build configuration list for PBXNativeTarget "Coordinator" */ = {
			isa = XCConfigurationList;
			buildConfigurations = (
				4E9E0105274BB3EB003F6785 /* Debug */,
				4E9E0106274BB3EB003F6785 /* Release */,
			);
			defaultConfigurationIsVisible = 0;
			defaultConfigurationName = Release;
		};
		4E9E0107274BB3EB003F6785 /* Build configuration list for PBXNativeTarget "CoordinatorTests" */ = {
			isa = XCConfigurationList;
			buildConfigurations = (
				4E9E0108274BB3EB003F6785 /* Debug */,
				4E9E0109274BB3EB003F6785 /* Release */,
			);
			defaultConfigurationIsVisible = 0;
			defaultConfigurationName = Release;
		};
		4E9E010A274BB3EB003F6785 /* Build configuration list for PBXNativeTarget "CoordinatorUITests" */ = {
			isa = XCConfigurationList;
			buildConfigurations = (
				4E9E010B274BB3EB003F6785 /* Debug */,
				4E9E010C274BB3EB003F6785 /* Release */,
			);
			defaultConfigurationIsVisible = 0;
			defaultConfigurationName = Release;
		};
/* End XCConfigurationList section */
	};
	rootObject = 4E9E00D2274BB3E9003F6785 /* Project object */;
}
